
Microsoft Visual Studio Solution File, Format Version 12.00
# Visual Studio Version 17
VisualStudioVersion = 17.8.34330.188
MinimumVisualStudioVersion = 10.0.40219.1
Project("{FAE04EC0-301F-11D3-BF4B-00C04F79EFBC}") = "interpreter_2", "interpreter_2\interpreter_2.csproj", "{74608D89-0073-4041-9D73-4F2AC5B3D5C7}"
EndProject
Global
	GlobalSection(SolutionConfigurationPlatforms) = preSolution
		Debug|Any CPU = Debug|Any CPU
		Release|Any CPU = Release|Any CPU
	EndGlobalSection
	GlobalSection(ProjectConfigurationPlatforms) = postSolution
		{74608D89-0073-4041-9D73-4F2AC5B3D5C7}.Debug|Any CPU.ActiveCfg = Debug|Any CPU
		{74608D89-0073-4041-9D73-4F2AC5B3D5C7}.Debug|Any CPU.Build.0 = Debug|Any CPU
		{74608D89-0073-4041-9D73-4F2AC5B3D5C7}.Release|Any CPU.ActiveCfg = Release|Any CPU
		{74608D89-0073-4041-9D73-4F2AC5B3D5C7}.Release|Any CPU.Build.0 = Release|Any CPU
	EndGlobalSection
	GlobalSection(SolutionProperties) = preSolution
		HideSolutionNode = FALSE
	EndGlobalSection
	GlobalSection(ExtensibilityGlobals) = postSolution
		SolutionGuid = {64A71B46-3AB7-427A-A99B-14BB489E9CCE}
	EndGlobalSection
EndGlobal
